
Microsoft Visual Studio Solution File, Format Version 12.00
# Visual Studio Version 17
VisualStudioVersion = 17.7.34018.315
MinimumVisualStudioVersion = 10.0.40219.1
Project("{FAE04EC0-301F-11D3-BF4B-00C04F79EFBC}") = "Kap 1 Uppgift 1.3", "Kap 1 Uppgift 1.3\Kap 1 Uppgift 1.3.csproj", "{61BB58DD-235F-4FE1-995F-6ADEA3804F3A}"
EndProject
Global
	GlobalSection(SolutionConfigurationPlatforms) = preSolution
		Debug|Any CPU = Debug|Any CPU
		Release|Any CPU = Release|Any CPU
	EndGlobalSection
	GlobalSection(ProjectConfigurationPlatforms) = postSolution
		{61BB58DD-235F-4FE1-995F-6ADEA3804F3A}.Debug|Any CPU.ActiveCfg = Debug|Any CPU
		{61BB58DD-235F-4FE1-995F-6ADEA3804F3A}.Debug|Any CPU.Build.0 = Debug|Any CPU
		{61BB58DD-235F-4FE1-995F-6ADEA3804F3A}.Release|Any CPU.ActiveCfg = Release|Any CPU
		{61BB58DD-235F-4FE1-995F-6ADEA3804F3A}.Release|Any CPU.Build.0 = Release|Any CPU
	EndGlobalSection
	GlobalSection(SolutionProperties) = preSolution
		HideSolutionNode = FALSE
	EndGlobalSection
	GlobalSection(ExtensibilityGlobals) = postSolution
		SolutionGuid = {A75F824E-480E-4BCA-B6B4-C5C25C9F41A7}
	EndGlobalSection
EndGlobal
